
Microsoft Visual Studio Solution File, Format Version 12.00
# Visual Studio Version 16
VisualStudioVersion = 16.0.32901.82
MinimumVisualStudioVersion = 10.0.40219.1
Project("{FAE04EC0-301F-11D3-BF4B-00C04F79EFBC}") = "Print numbers in REVERSE ORDER", "Print numbers in REVERSE ORDER\Print numbers in REVERSE ORDER.csproj", "{4E2B8296-9D66-43F1-A4B3-5CC505E201C5}"
EndProject
Project("{FAE04EC0-301F-11D3-BF4B-00C04F79EFBC}") = "Reverse array of strings", "Reverse array of strings\Reverse array of strings.csproj", "{83FC6779-3299-4547-AE91-C82CD35629A6}"
EndProject
Global
	GlobalSection(SolutionConfigurationPlatforms) = preSolution
		Debug|Any CPU = Debug|Any CPU
		Release|Any CPU = Release|Any CPU
	EndGlobalSection
	GlobalSection(ProjectConfigurationPlatforms) = postSolution
		{4E2B8296-9D66-43F1-A4B3-5CC505E201C5}.Debug|Any CPU.ActiveCfg = Debug|Any CPU
		{4E2B8296-9D66-43F1-A4B3-5CC505E201C5}.Debug|Any CPU.Build.0 = Debug|Any CPU
		{4E2B8296-9D66-43F1-A4B3-5CC505E201C5}.Release|Any CPU.ActiveCfg = Release|Any CPU
		{4E2B8296-9D66-43F1-A4B3-5CC505E201C5}.Release|Any CPU.Build.0 = Release|Any CPU
		{83FC6779-3299-4547-AE91-C82CD35629A6}.Debug|Any CPU.ActiveCfg = Debug|Any CPU
		{83FC6779-3299-4547-AE91-C82CD35629A6}.Debug|Any CPU.Build.0 = Debug|Any CPU
		{83FC6779-3299-4547-AE91-C82CD35629A6}.Release|Any CPU.ActiveCfg = Release|Any CPU
		{83FC6779-3299-4547-AE91-C82CD35629A6}.Release|Any CPU.Build.0 = Release|Any CPU
	EndGlobalSection
	GlobalSection(SolutionProperties) = preSolution
		HideSolutionNode = FALSE
	EndGlobalSection
	GlobalSection(ExtensibilityGlobals) = postSolution
		SolutionGuid = {A70D7A65-5232-4D7B-9C86-7E9E2E04BF4F}
	EndGlobalSection
EndGlobal
